
Microsoft Visual Studio Solution File, Format Version 12.00
# Visual Studio Version 17
VisualStudioVersion = 17.5.33530.505
MinimumVisualStudioVersion = 10.0.40219.1
Project("{2150E333-8FDC-42A3-9474-1A3956D46DE8}") = "Services", "Services", "{BAA7E41A-5D50-4BD1-9E4A-5BF4C5224358}"
EndProject
Project("{2150E333-8FDC-42A3-9474-1A3956D46DE8}") = "Catalog", "Catalog", "{CE364653-8DCB-4F82-BC5E-CBC183E1AC5F}"
EndProject
Project("{9A19103F-16F7-4668-BE54-9A1E7A4F7556}") = "FreeCourse.Services.Catalog", "services\catalog\FreeCourse.Services.Catalog\FreeCourse.Services.Catalog.csproj", "{64FBD975-0D45-40A1-95AD-1727EAEC9805}"
EndProject
Project("{2150E333-8FDC-42A3-9474-1A3956D46DE8}") = "Solution Items", "Solution Items", "{C72314D9-74B9-4638-B9F3-E359604DFF5B}"
	ProjectSection(SolutionItems) = preProject
		Ports.txt = Ports.txt
	EndProjectSection
EndProject
Project("{2150E333-8FDC-42A3-9474-1A3956D46DE8}") = "Shared", "Shared", "{05235292-BCB2-40B0-B51A-908A0A1EA6E7}"
EndProject
Project("{9A19103F-16F7-4668-BE54-9A1E7A4F7556}") = "FreeCourse.Shared", "Shared\FreeCourse.Shared\FreeCourse.Shared.csproj", "{DAB423E8-269C-4854-8A65-BA7F0F0BCEDF}"
EndProject
Project("{2150E333-8FDC-42A3-9474-1A3956D46DE8}") = "IdentityServer", "IdentityServer", "{B2803328-EC46-4623-8DA8-AA14F43BD1EB}"
EndProject
Project("{9A19103F-16F7-4668-BE54-9A1E7A4F7556}") = "FreeCourse.IdentityServer", "IdentityServer\FreeCourse.IdentityServer\FreeCourse.IdentityServer.csproj", "{D4EF4626-C21E-48CA-9517-19C8BADBBF7E}"
EndProject
Project("{2150E333-8FDC-42A3-9474-1A3956D46DE8}") = "PhotoStock", "PhotoStock", "{5C05C0E3-B77D-453C-96CA-BE2850DD74CE}"
EndProject
Project("{9A19103F-16F7-4668-BE54-9A1E7A4F7556}") = "FreeCourse.Services.PhotoStock", "Services\PhotoStock\FreeCourse.Services.PhotoStock\FreeCourse.Services.PhotoStock.csproj", "{B3ADBCD4-825C-43EF-A6DF-FBAB225AB1CE}"
EndProject
Project("{2150E333-8FDC-42A3-9474-1A3956D46DE8}") = "Basket", "Basket", "{914ED0AE-323A-41C6-B568-46540B4B3B0A}"
EndProject
Project("{9A19103F-16F7-4668-BE54-9A1E7A4F7556}") = "FreeCourse.Services.Basket", "Services\Basket\FreeCourse.Services.Basket\FreeCourse.Services.Basket.csproj", "{D230345B-9727-4341-99EA-9C968BF2BDAF}"
EndProject
Project("{2150E333-8FDC-42A3-9474-1A3956D46DE8}") = "Discount", "Discount", "{64BD70DD-4B76-4979-A150-A5A4594ACB45}"
EndProject
Project("{9A19103F-16F7-4668-BE54-9A1E7A4F7556}") = "FreeCourse.Services.Discount", "Services\Discount\FreeCourse.Services.Discount\FreeCourse.Services.Discount.csproj", "{F51D3765-D728-4D47-B084-39C671EFE558}"
EndProject
Project("{2150E333-8FDC-42A3-9474-1A3956D46DE8}") = "Order", "Order", "{1C41AD6F-BFB4-4481-8081-172982D07EA0}"
EndProject
Project("{FAE04EC0-301F-11D3-BF4B-00C04F79EFBC}") = "FreeCourse.Services.Order.API", "services\Order\FreeCourse.Services.Order.API\FreeCourse.Services.Order.API.csproj", "{39A90A84-C406-4A75-AF8E-28AD827B0A54}"
EndProject
Project("{FAE04EC0-301F-11D3-BF4B-00C04F79EFBC}") = "FreeCourse.Services.Order.Application", "services\Order\FreeCourse.Services.Order.Application\FreeCourse.Services.Order.Application.csproj", "{C96669C0-2C07-445E-96DB-E6CBCA0C2A97}"
EndProject
Project("{FAE04EC0-301F-11D3-BF4B-00C04F79EFBC}") = "FreeCourse.Services.Order.Domain", "services\Order\FreeCourse.Services.Order.Domain\FreeCourse.Services.Order.Domain.csproj", "{2B2032F9-82C0-4751-A5D2-D2BCBB5ACA26}"
EndProject
Project("{FAE04EC0-301F-11D3-BF4B-00C04F79EFBC}") = "FreeCourse.Services.Order.Domain.Core", "services\Order\FreeCourse.Services.Order.Domain.Core\FreeCourse.Services.Order.Domain.Core.csproj", "{09814E0F-89E2-4FCE-8BD4-47135717291E}"
EndProject
Project("{FAE04EC0-301F-11D3-BF4B-00C04F79EFBC}") = "FreeCourse.Services.Order.Infastructure", "services\Order\FreeCourse.Services.Order.Infastructure\FreeCourse.Services.Order.Infastructure.csproj", "{E05FFCE0-41A6-4962-8BA1-33AC8C2C8507}"
EndProject
Global
	GlobalSection(SolutionConfigurationPlatforms) = preSolution
		Debug|Any CPU = Debug|Any CPU
		Release|Any CPU = Release|Any CPU
	EndGlobalSection
	GlobalSection(ProjectConfigurationPlatforms) = postSolution
		{64FBD975-0D45-40A1-95AD-1727EAEC9805}.Debug|Any CPU.ActiveCfg = Debug|Any CPU
		{64FBD975-0D45-40A1-95AD-1727EAEC9805}.Debug|Any CPU.Build.0 = Debug|Any CPU
		{64FBD975-0D45-40A1-95AD-1727EAEC9805}.Release|Any CPU.ActiveCfg = Release|Any CPU
		{64FBD975-0D45-40A1-95AD-1727EAEC9805}.Release|Any CPU.Build.0 = Release|Any CPU
		{DAB423E8-269C-4854-8A65-BA7F0F0BCEDF}.Debug|Any CPU.ActiveCfg = Debug|Any CPU
		{DAB423E8-269C-4854-8A65-BA7F0F0BCEDF}.Debug|Any CPU.Build.0 = Debug|Any CPU
		{DAB423E8-269C-4854-8A65-BA7F0F0BCEDF}.Release|Any CPU.ActiveCfg = Release|Any CPU
		{DAB423E8-269C-4854-8A65-BA7F0F0BCEDF}.Release|Any CPU.Build.0 = Release|Any CPU
		{D4EF4626-C21E-48CA-9517-19C8BADBBF7E}.Debug|Any CPU.ActiveCfg = Debug|Any CPU
		{D4EF4626-C21E-48CA-9517-19C8BADBBF7E}.Debug|Any CPU.Build.0 = Debug|Any CPU
		{D4EF4626-C21E-48CA-9517-19C8BADBBF7E}.Release|Any CPU.ActiveCfg = Release|Any CPU
		{D4EF4626-C21E-48CA-9517-19C8BADBBF7E}.Release|Any CPU.Build.0 = Release|Any CPU
		{B3ADBCD4-825C-43EF-A6DF-FBAB225AB1CE}.Debug|Any CPU.ActiveCfg = Debug|Any CPU
		{B3ADBCD4-825C-43EF-A6DF-FBAB225AB1CE}.Debug|Any CPU.Build.0 = Debug|Any CPU
		{B3ADBCD4-825C-43EF-A6DF-FBAB225AB1CE}.Release|Any CPU.ActiveCfg = Release|Any CPU
		{B3ADBCD4-825C-43EF-A6DF-FBAB225AB1CE}.Release|Any CPU.Build.0 = Release|Any CPU
		{D230345B-9727-4341-99EA-9C968BF2BDAF}.Debug|Any CPU.ActiveCfg = Debug|Any CPU
		{D230345B-9727-4341-99EA-9C968BF2BDAF}.Debug|Any CPU.Build.0 = Debug|Any CPU
		{D230345B-9727-4341-99EA-9C968BF2BDAF}.Release|Any CPU.ActiveCfg = Release|Any CPU
		{D230345B-9727-4341-99EA-9C968BF2BDAF}.Release|Any CPU.Build.0 = Release|Any CPU
		{F51D3765-D728-4D47-B084-39C671EFE558}.Debug|Any CPU.ActiveCfg = Debug|Any CPU
		{F51D3765-D728-4D47-B084-39C671EFE558}.Debug|Any CPU.Build.0 = Debug|Any CPU
		{F51D3765-D728-4D47-B084-39C671EFE558}.Release|Any CPU.ActiveCfg = Release|Any CPU
		{F51D3765-D728-4D47-B084-39C671EFE558}.Release|Any CPU.Build.0 = Release|Any CPU
		{39A90A84-C406-4A75-AF8E-28AD827B0A54}.Debug|Any CPU.ActiveCfg = Debug|Any CPU
		{39A90A84-C406-4A75-AF8E-28AD827B0A54}.Debug|Any CPU.Build.0 = Debug|Any CPU
		{39A90A84-C406-4A75-AF8E-28AD827B0A54}.Release|Any CPU.ActiveCfg = Release|Any CPU
		{39A90A84-C406-4A75-AF8E-28AD827B0A54}.Release|Any CPU.Build.0 = Release|Any CPU
		{C96669C0-2C07-445E-96DB-E6CBCA0C2A97}.Debug|Any CPU.ActiveCfg = Debug|Any CPU
		{C96669C0-2C07-445E-96DB-E6CBCA0C2A97}.Debug|Any CPU.Build.0 = Debug|Any CPU
		{C96669C0-2C07-445E-96DB-E6CBCA0C2A97}.Release|Any CPU.ActiveCfg = Release|Any CPU
		{C96669C0-2C07-445E-96DB-E6CBCA0C2A97}.Release|Any CPU.Build.0 = Release|Any CPU
		{2B2032F9-82C0-4751-A5D2-D2BCBB5ACA26}.Debug|Any CPU.ActiveCfg = Debug|Any CPU
		{2B2032F9-82C0-4751-A5D2-D2BCBB5ACA26}.Debug|Any CPU.Build.0 = Debug|Any CPU
		{2B2032F9-82C0-4751-A5D2-D2BCBB5ACA26}.Release|Any CPU.ActiveCfg = Release|Any CPU
		{2B2032F9-82C0-4751-A5D2-D2BCBB5ACA26}.Release|Any CPU.Build.0 = Release|Any CPU
		{09814E0F-89E2-4FCE-8BD4-47135717291E}.Debug|Any CPU.ActiveCfg = Debug|Any CPU
		{09814E0F-89E2-4FCE-8BD4-47135717291E}.Debug|Any CPU.Build.0 = Debug|Any CPU
		{09814E0F-89E2-4FCE-8BD4-47135717291E}.Release|Any CPU.ActiveCfg = Release|Any CPU
		{09814E0F-89E2-4FCE-8BD4-47135717291E}.Release|Any CPU.Build.0 = Release|Any CPU
		{E05FFCE0-41A6-4962-8BA1-33AC8C2C8507}.Debug|Any CPU.ActiveCfg = Debug|Any CPU
		{E05FFCE0-41A6-4962-8BA1-33AC8C2C8507}.Debug|Any CPU.Build.0 = Debug|Any CPU
		{E05FFCE0-41A6-4962-8BA1-33AC8C2C8507}.Release|Any CPU.ActiveCfg = Release|Any CPU
		{E05FFCE0-41A6-4962-8BA1-33AC8C2C8507}.Release|Any CPU.Build.0 = Release|Any CPU
	EndGlobalSection
	GlobalSection(SolutionProperties) = preSolution
		HideSolutionNode = FALSE
	EndGlobalSection
	GlobalSection(NestedProjects) = preSolution
		{CE364653-8DCB-4F82-BC5E-CBC183E1AC5F} = {BAA7E41A-5D50-4BD1-9E4A-5BF4C5224358}
		{64FBD975-0D45-40A1-95AD-1727EAEC9805} = {CE364653-8DCB-4F82-BC5E-CBC183E1AC5F}
		{DAB423E8-269C-4854-8A65-BA7F0F0BCEDF} = {05235292-BCB2-40B0-B51A-908A0A1EA6E7}
		{D4EF4626-C21E-48CA-9517-19C8BADBBF7E} = {B2803328-EC46-4623-8DA8-AA14F43BD1EB}
		{5C05C0E3-B77D-453C-96CA-BE2850DD74CE} = {BAA7E41A-5D50-4BD1-9E4A-5BF4C5224358}
		{B3ADBCD4-825C-43EF-A6DF-FBAB225AB1CE} = {5C05C0E3-B77D-453C-96CA-BE2850DD74CE}
		{914ED0AE-323A-41C6-B568-46540B4B3B0A} = {BAA7E41A-5D50-4BD1-9E4A-5BF4C5224358}
		{D230345B-9727-4341-99EA-9C968BF2BDAF} = {914ED0AE-323A-41C6-B568-46540B4B3B0A}
		{64BD70DD-4B76-4979-A150-A5A4594ACB45} = {BAA7E41A-5D50-4BD1-9E4A-5BF4C5224358}
		{F51D3765-D728-4D47-B084-39C671EFE558} = {64BD70DD-4B76-4979-A150-A5A4594ACB45}
		{1C41AD6F-BFB4-4481-8081-172982D07EA0} = {BAA7E41A-5D50-4BD1-9E4A-5BF4C5224358}
		{39A90A84-C406-4A75-AF8E-28AD827B0A54} = {1C41AD6F-BFB4-4481-8081-172982D07EA0}
		{C96669C0-2C07-445E-96DB-E6CBCA0C2A97} = {1C41AD6F-BFB4-4481-8081-172982D07EA0}
		{2B2032F9-82C0-4751-A5D2-D2BCBB5ACA26} = {1C41AD6F-BFB4-4481-8081-172982D07EA0}
		{09814E0F-89E2-4FCE-8BD4-47135717291E} = {1C41AD6F-BFB4-4481-8081-172982D07EA0}
		{E05FFCE0-41A6-4962-8BA1-33AC8C2C8507} = {1C41AD6F-BFB4-4481-8081-172982D07EA0}
	EndGlobalSection
	GlobalSection(ExtensibilityGlobals) = postSolution
		SolutionGuid = {8D16955B-3BDD-4EF1-BF52-8B670FD0F6BA}
	EndGlobalSection
EndGlobal
